
Microsoft Visual Studio Solution File, Format Version 11.00
# Visual Studio 2010
Project("{FAE04EC0-301F-11D3-BF4B-00C04F79EFBC}") = "JudoPayiOSXamarinSampleApp", "JudoPayiOSXamarinSampleApp.csproj", "{1CDBE246-72B6-4A56-806F-6DE5F0D6CB99}"
EndProject
Global
	GlobalSection(SolutionConfigurationPlatforms) = preSolution
		Debug|iPhoneSimulator = Debug|iPhoneSimulator
		Release|iPhoneSimulator = Release|iPhoneSimulator
		Debug|iPhone = Debug|iPhone
		Release|iPhone = Release|iPhone
		Ad-Hoc|iPhone = Ad-Hoc|iPhone
		AppStore|iPhone = AppStore|iPhone
	EndGlobalSection
	GlobalSection(ProjectConfigurationPlatforms) = postSolution
		{1CDBE246-72B6-4A56-806F-6DE5F0D6CB99}.Ad-Hoc|iPhone.ActiveCfg = Ad-Hoc|iPhone
		{1CDBE246-72B6-4A56-806F-6DE5F0D6CB99}.Ad-Hoc|iPhone.Build.0 = Ad-Hoc|iPhone
		{1CDBE246-72B6-4A56-806F-6DE5F0D6CB99}.AppStore|iPhone.ActiveCfg = AppStore|iPhone
		{1CDBE246-72B6-4A56-806F-6DE5F0D6CB99}.AppStore|iPhone.Build.0 = AppStore|iPhone
		{1CDBE246-72B6-4A56-806F-6DE5F0D6CB99}.Debug|iPhone.ActiveCfg = Debug|iPhone
		{1CDBE246-72B6-4A56-806F-6DE5F0D6CB99}.Debug|iPhone.Build.0 = Debug|iPhone
		{1CDBE246-72B6-4A56-806F-6DE5F0D6CB99}.Debug|iPhoneSimulator.ActiveCfg = Debug|iPhoneSimulator
		{1CDBE246-72B6-4A56-806F-6DE5F0D6CB99}.Debug|iPhoneSimulator.Build.0 = Debug|iPhoneSimulator
		{1CDBE246-72B6-4A56-806F-6DE5F0D6CB99}.Release|iPhone.ActiveCfg = Release|iPhone
		{1CDBE246-72B6-4A56-806F-6DE5F0D6CB99}.Release|iPhone.Build.0 = Release|iPhone
		{1CDBE246-72B6-4A56-806F-6DE5F0D6CB99}.Release|iPhoneSimulator.ActiveCfg = Release|iPhoneSimulator
		{1CDBE246-72B6-4A56-806F-6DE5F0D6CB99}.Release|iPhoneSimulator.Build.0 = Release|iPhoneSimulator
	EndGlobalSection
EndGlobal
